
Microsoft Visual Studio Solution File, Format Version 12.00
# Visual Studio Version 17
VisualStudioVersion = 17.13.35825.156 d17.13
MinimumVisualStudioVersion = 10.0.40219.1
Project("{FAE04EC0-301F-11D3-BF4B-00C04F79EFBC}") = "ChatApplication", "ChatApplication\ChatApplication.csproj", "{26BD1A34-ED7F-44F5-A20F-D8B5903194F1}"
EndProject
Global
	GlobalSection(SolutionConfigurationPlatforms) = preSolution
		Debug|Any CPU = Debug|Any CPU
		Release|Any CPU = Release|Any CPU
	EndGlobalSection
	GlobalSection(ProjectConfigurationPlatforms) = postSolution
		{26BD1A34-ED7F-44F5-A20F-D8B5903194F1}.Debug|Any CPU.ActiveCfg = Debug|Any CPU
		{26BD1A34-ED7F-44F5-A20F-D8B5903194F1}.Debug|Any CPU.Build.0 = Debug|Any CPU
		{26BD1A34-ED7F-44F5-A20F-D8B5903194F1}.Release|Any CPU.ActiveCfg = Release|Any CPU
		{26BD1A34-ED7F-44F5-A20F-D8B5903194F1}.Release|Any CPU.Build.0 = Release|Any CPU
	EndGlobalSection
	GlobalSection(SolutionProperties) = preSolution
		HideSolutionNode = FALSE
	EndGlobalSection
	GlobalSection(ExtensibilityGlobals) = postSolution
		SolutionGuid = {2451F525-BDF2-4777-801C-7E0FD44C2F8A}
	EndGlobalSection
EndGlobal
